
Microsoft Visual Studio Solution File, Format Version 12.00
# Visual Studio Version 17
VisualStudioVersion = 17.10.35027.167
MinimumVisualStudioVersion = 10.0.40219.1
Project("{FAE04EC0-301F-11D3-BF4B-00C04F79EFBC}") = "Movie.Web", "Movie\Movie.Web\Movie.Web.csproj", "{8EE53535-BBF6-4C75-BC34-5AE1F83E943C}"
EndProject
Global
	GlobalSection(SolutionConfigurationPlatforms) = preSolution
		Debug|Any CPU = Debug|Any CPU
		Release|Any CPU = Release|Any CPU
	EndGlobalSection
	GlobalSection(ProjectConfigurationPlatforms) = postSolution
		{8EE53535-BBF6-4C75-BC34-5AE1F83E943C}.Debug|Any CPU.ActiveCfg = Debug|Any CPU
		{8EE53535-BBF6-4C75-BC34-5AE1F83E943C}.Debug|Any CPU.Build.0 = Debug|Any CPU
		{8EE53535-BBF6-4C75-BC34-5AE1F83E943C}.Release|Any CPU.ActiveCfg = Release|Any CPU
		{8EE53535-BBF6-4C75-BC34-5AE1F83E943C}.Release|Any CPU.Build.0 = Release|Any CPU
	EndGlobalSection
	GlobalSection(SolutionProperties) = preSolution
		HideSolutionNode = FALSE
	EndGlobalSection
	GlobalSection(ExtensibilityGlobals) = postSolution
		SolutionGuid = {F9E1545C-7DC8-4D93-BD49-E97FEF06CABD}
	EndGlobalSection
EndGlobal
